
Microsoft Visual Studio Solution File, Format Version 12.00
# Visual Studio Version 16
VisualStudioVersion = 16.0.29025.244
MinimumVisualStudioVersion = 10.0.40219.1
Project("{9A19103F-16F7-4668-BE54-9A1E7A4F7556}") = "Gram.Web", "Gram.Web\Gram.Web.csproj", "{9F344937-726B-49DA-A166-AC52A6B962E5}"
EndProject
Project("{9A19103F-16F7-4668-BE54-9A1E7A4F7556}") = "Gram.Core", "Gram.Core\Gram.Core.csproj", "{AB947B16-36D7-44C1-9580-B2EEB777E23A}"
EndProject
Project("{9A19103F-16F7-4668-BE54-9A1E7A4F7556}") = "Gram.Infrastructure", "Gram.Infrastructure\Gram.Infrastructure.csproj", "{DAD1CC09-EF15-457D-B7D6-054A14B9470B}"
EndProject
Global
	GlobalSection(SolutionConfigurationPlatforms) = preSolution
		Debug|Any CPU = Debug|Any CPU
		Release|Any CPU = Release|Any CPU
	EndGlobalSection
	GlobalSection(ProjectConfigurationPlatforms) = postSolution
		{9F344937-726B-49DA-A166-AC52A6B962E5}.Debug|Any CPU.ActiveCfg = Debug|Any CPU
		{9F344937-726B-49DA-A166-AC52A6B962E5}.Debug|Any CPU.Build.0 = Debug|Any CPU
		{9F344937-726B-49DA-A166-AC52A6B962E5}.Release|Any CPU.ActiveCfg = Release|Any CPU
		{9F344937-726B-49DA-A166-AC52A6B962E5}.Release|Any CPU.Build.0 = Release|Any CPU
		{AB947B16-36D7-44C1-9580-B2EEB777E23A}.Debug|Any CPU.ActiveCfg = Debug|Any CPU
		{AB947B16-36D7-44C1-9580-B2EEB777E23A}.Debug|Any CPU.Build.0 = Debug|Any CPU
		{AB947B16-36D7-44C1-9580-B2EEB777E23A}.Release|Any CPU.ActiveCfg = Release|Any CPU
		{AB947B16-36D7-44C1-9580-B2EEB777E23A}.Release|Any CPU.Build.0 = Release|Any CPU
		{DAD1CC09-EF15-457D-B7D6-054A14B9470B}.Debug|Any CPU.ActiveCfg = Debug|Any CPU
		{DAD1CC09-EF15-457D-B7D6-054A14B9470B}.Debug|Any CPU.Build.0 = Debug|Any CPU
		{DAD1CC09-EF15-457D-B7D6-054A14B9470B}.Release|Any CPU.ActiveCfg = Release|Any CPU
		{DAD1CC09-EF15-457D-B7D6-054A14B9470B}.Release|Any CPU.Build.0 = Release|Any CPU
	EndGlobalSection
	GlobalSection(SolutionProperties) = preSolution
		HideSolutionNode = FALSE
	EndGlobalSection
	GlobalSection(ExtensibilityGlobals) = postSolution
		SolutionGuid = {7557D6DA-8A21-4976-AA90-712568AD7AF6}
	EndGlobalSection
EndGlobal
